Microsoft Visual Studio Solution File, Format Version 12.00
# Visual Studio Version 17
VisualStudioVersion = 17.5.2.0
MinimumVisualStudioVersion = 10.0.40219.1
Project("{FAE04EC0-301F-11D3-BF4B-00C04F79EFBC}") = "MembershipService", "MembershipService.csproj", "{ED7827B4-6E82-C692-75C1-E97A17195FD9}"
EndProject
Global
	GlobalSection(SolutionConfigurationPlatforms) = preSolution
		Debug|Any CPU = Debug|Any CPU
		Release|Any CPU = Release|Any CPU
	EndGlobalSection
	GlobalSection(ProjectConfigurationPlatforms) = postSolution
		{ED7827B4-6E82-C692-75C1-E97A17195FD9}.Debug|Any CPU.ActiveCfg = Debug|Any CPU
		{ED7827B4-6E82-C692-75C1-E97A17195FD9}.Debug|Any CPU.Build.0 = Debug|Any CPU
		{ED7827B4-6E82-C692-75C1-E97A17195FD9}.Release|Any CPU.ActiveCfg = Release|Any CPU
		{ED7827B4-6E82-C692-75C1-E97A17195FD9}.Release|Any CPU.Build.0 = Release|Any CPU
	EndGlobalSection
	GlobalSection(SolutionProperties) = preSolution
		HideSolutionNode = FALSE
	EndGlobalSection
	GlobalSection(ExtensibilityGlobals) = postSolution
		SolutionGuid = {FA0AD47A-E7B3-4540-864B-4C2F3A7E5118}
	EndGlobalSection
EndGlobal
