Microsoft Visual Studio Solution File, Format Version 12.00
# Visual Studio Version 17
VisualStudioVersion = 17.5.2.0
MinimumVisualStudioVersion = 10.0.40219.1
Project("{FAE04EC0-301F-11D3-BF4B-00C04F79EFBC}") = "RoutineEquipmentService", "RoutineEquipmentService.csproj", "{4C6DA132-9A3D-3D37-7D7F-7625CABFD2E3}"
EndProject
Global
	GlobalSection(SolutionConfigurationPlatforms) = preSolution
		Debug|Any CPU = Debug|Any CPU
		Release|Any CPU = Release|Any CPU
	EndGlobalSection
	GlobalSection(ProjectConfigurationPlatforms) = postSolution
		{4C6DA132-9A3D-3D37-7D7F-7625CABFD2E3}.Debug|Any CPU.ActiveCfg = Debug|Any CPU
		{4C6DA132-9A3D-3D37-7D7F-7625CABFD2E3}.Debug|Any CPU.Build.0 = Debug|Any CPU
		{4C6DA132-9A3D-3D37-7D7F-7625CABFD2E3}.Release|Any CPU.ActiveCfg = Release|Any CPU
		{4C6DA132-9A3D-3D37-7D7F-7625CABFD2E3}.Release|Any CPU.Build.0 = Release|Any CPU
	EndGlobalSection
	GlobalSection(SolutionProperties) = preSolution
		HideSolutionNode = FALSE
	EndGlobalSection
	GlobalSection(ExtensibilityGlobals) = postSolution
		SolutionGuid = {A9F329EA-3EE4-4C10-936D-C9A10E37DECD}
	EndGlobalSection
EndGlobal
